Microsoft Visual Studio Solution File, Format Version 11.00
# Visual Studio 2008

Project("{A6D65FB6-D703-A94A-124F-4FFA4667DAEE}") = "sconnel6_TermProjectStage3", "Assembly-CSharp.csproj", "{8512FEAF-A9EC-6BD5-CB06-59EB0D567227}"
EndProject
Global
	GlobalSection(SolutionConfigurationPlatforms) = preSolution
		Debug|Any CPU = Debug|Any CPU
		Release|Any CPU = Release|Any CPU
	EndGlobalSection
	GlobalSection(ProjectConfigurationPlatforms) = postSolution
		{8512FEAF-A9EC-6BD5-CB06-59EB0D567227}.Debug|Any CPU.ActiveCfg = Debug|Any CPU
		{8512FEAF-A9EC-6BD5-CB06-59EB0D567227}.Debug|Any CPU.Build.0 = Debug|Any CPU
		{8512FEAF-A9EC-6BD5-CB06-59EB0D567227}.Release|Any CPU.ActiveCfg = Release|Any CPU
		{8512FEAF-A9EC-6BD5-CB06-59EB0D567227}.Release|Any CPU.Build.0 = Release|Any CPU
	EndGlobalSection
	GlobalSection(SolutionProperties) = preSolution
		HideSolutionNode = FALSE
	EndGlobalSection
	GlobalSection(MonoDevelopProperties) = preSolution
		StartupItem = Assembly-CSharp.csproj
	EndGlobalSection
EndGlobal
